
Microsoft Visual Studio Solution File, Format Version 12.00
# Visual Studio 15
VisualStudioVersion = 15.0.26730.16
MinimumVisualStudioVersion = 10.0.40219.1
Project("{FAE04EC0-301F-11D3-BF4B-00C04F79EFBC}") = "LabNumber4", "LabNumber4\LabNumber4.csproj", "{F8A5283E-0477-46F4-8B94-67E0D124BF4F}"
EndProject
Global
	GlobalSection(SolutionConfigurationPlatforms) = preSolution
		Debug|Any CPU = Debug|Any CPU
		Release|Any CPU = Release|Any CPU
	EndGlobalSection
	GlobalSection(ProjectConfigurationPlatforms) = postSolution
		{F8A5283E-0477-46F4-8B94-67E0D124BF4F}.Debug|Any CPU.ActiveCfg = Debug|Any CPU
		{F8A5283E-0477-46F4-8B94-67E0D124BF4F}.Debug|Any CPU.Build.0 = Debug|Any CPU
		{F8A5283E-0477-46F4-8B94-67E0D124BF4F}.Release|Any CPU.ActiveCfg = Release|Any CPU
		{F8A5283E-0477-46F4-8B94-67E0D124BF4F}.Release|Any CPU.Build.0 = Release|Any CPU
	EndGlobalSection
	GlobalSection(SolutionProperties) = preSolution
		HideSolutionNode = FALSE
	EndGlobalSection
	GlobalSection(ExtensibilityGlobals) = postSolution
		SolutionGuid = {63DCEFE2-F8D6-433E-AAC8-B8A30153E95E}
	EndGlobalSection
EndGlobal
